Microsoft Visual Studio Solution File, Format Version 12.00
# Visual Studio Version 17
VisualStudioVersion = 17.5.2.0
MinimumVisualStudioVersion = 10.0.40219.1
Project("{2150E333-8FDC-42A3-9474-1A3956D46DE8}") = "calendify", "calendify", "{6513E2AA-CEE0-C536-7CC7-9CF7845E3BBC}"
EndProject
Project("{FAE04EC0-301F-11D3-BF4B-00C04F79EFBC}") = "backend", "calendify\backend\backend.csproj", "{F109D1F6-C6CE-4A34-7067-583002C90622}"
EndProject
Global
	GlobalSection(SolutionConfigurationPlatforms) = preSolution
		Debug|Any CPU = Debug|Any CPU
		Release|Any CPU = Release|Any CPU
	EndGlobalSection
	GlobalSection(ProjectConfigurationPlatforms) = postSolution
		{F109D1F6-C6CE-4A34-7067-583002C90622}.Debug|Any CPU.ActiveCfg = Debug|Any CPU
		{F109D1F6-C6CE-4A34-7067-583002C90622}.Debug|Any CPU.Build.0 = Debug|Any CPU
		{F109D1F6-C6CE-4A34-7067-583002C90622}.Release|Any CPU.ActiveCfg = Release|Any CPU
		{F109D1F6-C6CE-4A34-7067-583002C90622}.Release|Any CPU.Build.0 = Release|Any CPU
	EndGlobalSection
	GlobalSection(SolutionProperties) = preSolution
		HideSolutionNode = FALSE
	EndGlobalSection
	GlobalSection(NestedProjects) = preSolution
		{F109D1F6-C6CE-4A34-7067-583002C90622} = {6513E2AA-CEE0-C536-7CC7-9CF7845E3BBC}
	EndGlobalSection
	GlobalSection(ExtensibilityGlobals) = postSolution
		SolutionGuid = {731826E8-7990-4518-8DA4-75EA82A09D46}
	EndGlobalSection
EndGlobal
